
Microsoft Visual Studio Solution File, Format Version 12.00
# Visual Studio 15
VisualStudioVersion = 15.0.28307.645
MinimumVisualStudioVersion = 10.0.40219.1
Project("{FAE04EC0-301F-11D3-BF4B-00C04F79EFBC}") = "CompactExpressionParser", "CompactExpressionParser\CompactExpressionParser.csproj", "{60257D2A-C634-4670-A0DC-75C66C25405F}"
EndProject
Project("{9A19103F-16F7-4668-BE54-9A1E7A4F7556}") = "CompactExpressionParser.Tests", "CompactExpressionParser.Tests\CompactExpressionParser.Tests.csproj", "{C69A9F32-565F-4DFE-B3F1-42DC7F3DF074}"
EndProject
Global
	GlobalSection(SolutionConfigurationPlatforms) = preSolution
		Debug|Any CPU = Debug|Any CPU
		Release|Any CPU = Release|Any CPU
		Sources|Any CPU = Sources|Any CPU
	EndGlobalSection
	GlobalSection(ProjectConfigurationPlatforms) = postSolution
		{60257D2A-C634-4670-A0DC-75C66C25405F}.Debug|Any CPU.ActiveCfg = Debug|Any CPU
		{60257D2A-C634-4670-A0DC-75C66C25405F}.Debug|Any CPU.Build.0 = Debug|Any CPU
		{60257D2A-C634-4670-A0DC-75C66C25405F}.Release|Any CPU.ActiveCfg = Release|Any CPU
		{60257D2A-C634-4670-A0DC-75C66C25405F}.Release|Any CPU.Build.0 = Release|Any CPU
		{60257D2A-C634-4670-A0DC-75C66C25405F}.Sources|Any CPU.ActiveCfg = Sources|Any CPU
		{60257D2A-C634-4670-A0DC-75C66C25405F}.Sources|Any CPU.Build.0 = Sources|Any CPU
		{C69A9F32-565F-4DFE-B3F1-42DC7F3DF074}.Debug|Any CPU.ActiveCfg = Debug|Any CPU
		{C69A9F32-565F-4DFE-B3F1-42DC7F3DF074}.Debug|Any CPU.Build.0 = Debug|Any CPU
		{C69A9F32-565F-4DFE-B3F1-42DC7F3DF074}.Release|Any CPU.ActiveCfg = Release|Any CPU
		{C69A9F32-565F-4DFE-B3F1-42DC7F3DF074}.Release|Any CPU.Build.0 = Release|Any CPU
		{C69A9F32-565F-4DFE-B3F1-42DC7F3DF074}.Sources|Any CPU.ActiveCfg = Debug|Any CPU
		{C69A9F32-565F-4DFE-B3F1-42DC7F3DF074}.Sources|Any CPU.Build.0 = Debug|Any CPU
	EndGlobalSection
	GlobalSection(SolutionProperties) = preSolution
		HideSolutionNode = FALSE
	EndGlobalSection
	GlobalSection(ExtensibilityGlobals) = postSolution
		SolutionGuid = {7DA99EEF-3480-4B61-BD1C-1483C2D491CE}
	EndGlobalSection
EndGlobal
